
Microsoft Visual Studio Solution File, Format Version 12.00
# Visual Studio Version 16
VisualStudioVersion = 16.0.33529.622
MinimumVisualStudioVersion = 10.0.40219.1
Project("{FAE04EC0-301F-11D3-BF4B-00C04F79EFBC}") = "@DDJJ_DLL's", "@DDJJ_DLL's.csproj", "{C197D92A-37B1-4F39-A4FA-DF055086BB60}"
EndProject
Global
	GlobalSection(SolutionConfigurationPlatforms) = preSolution
		Debug|Any CPU = Debug|Any CPU
		Release|Any CPU = Release|Any CPU
	EndGlobalSection
	GlobalSection(ProjectConfigurationPlatforms) = postSolution
		{C197D92A-37B1-4F39-A4FA-DF055086BB60}.Debug|Any CPU.ActiveCfg = Debug|Any CPU
		{C197D92A-37B1-4F39-A4FA-DF055086BB60}.Debug|Any CPU.Build.0 = Debug|Any CPU
		{C197D92A-37B1-4F39-A4FA-DF055086BB60}.Release|Any CPU.ActiveCfg = Release|Any CPU
		{C197D92A-37B1-4F39-A4FA-DF055086BB60}.Release|Any CPU.Build.0 = Release|Any CPU
	EndGlobalSection
	GlobalSection(SolutionProperties) = preSolution
		HideSolutionNode = FALSE
	EndGlobalSection
	GlobalSection(ExtensibilityGlobals) = postSolution
		SolutionGuid = {96AB3634-07EC-4B04-86C3-03F881273596}
	EndGlobalSection
EndGlobal
